{
  "name": "hexo-theme-landscape",
  "version": "0.0.2",
  "lockfileVersion": 1,
  "requires": true,
  "dependencies": {
    "hexo-generator-restful": {
      "version": "0.2.1",
      "resolved": "http://registry.npm.taobao.org/hexo-generator-restful/download/hexo-generator-restful-0.2.1.tgz",
      "integrity": "sha1-LTkkEfIIKUfOycbDIIMrFv9uabs=",
      "requires": {
        "hexo-pagination": "0.1.0",
        "lodash.pick": "4.4.0"
      }
    },
    "hexo-pagination": {
      "version": "0.1.0",
      "resolved": "http://registry.npm.taobao.org/hexo-pagination/download/hexo-pagination-0.1.0.tgz",
      "integrity": "sha1-VPC+EuauUdHApvACNnS6d6xRTOM=",
      "requires": {
        "object-assign": "4.1.1"
      }
    },
    "lodash.pick": {
      "version": "4.4.0",
      "resolved": "http://registry.npm.taobao.org/lodash.pick/download/lodash.pick-4.4.0.tgz",
      "integrity": "sha1-UvBWEP/53tQiYRRB7R/BI6AwAbM="
    },
    "object-assign": {
      "version": "4.1.1",
      "resolved": "http://registry.npm.taobao.org/object-assign/download/object-assign-4.1.1.tgz",
      "integrity": "sha1-IQmtx5ZYh8/AXLvUQsrIv7s2CGM="
    }
  }
}
